Microsoft Visual Studio Solution File, Format Version 12.00
# Visual Studio Version 17
VisualStudioVersion = 17.5.2.0
MinimumVisualStudioVersion = 10.0.40219.1
Project("{FAE04EC0-301F-11D3-BF4B-00C04F79EFBC}") = "RandomQuotesApi.Tests", "RandomQuotesApi.Tests.csproj", "{C508E473-C0BC-9203-270E-73979154E6B0}"
EndProject
Global
	GlobalSection(SolutionConfigurationPlatforms) = preSolution
		Debug|Any CPU = Debug|Any CPU
		Release|Any CPU = Release|Any CPU
	EndGlobalSection
	GlobalSection(ProjectConfigurationPlatforms) = postSolution
		{C508E473-C0BC-9203-270E-73979154E6B0}.Debug|Any CPU.ActiveCfg = Debug|Any CPU
		{C508E473-C0BC-9203-270E-73979154E6B0}.Debug|Any CPU.Build.0 = Debug|Any CPU
		{C508E473-C0BC-9203-270E-73979154E6B0}.Release|Any CPU.ActiveCfg = Release|Any CPU
		{C508E473-C0BC-9203-270E-73979154E6B0}.Release|Any CPU.Build.0 = Release|Any CPU
	EndGlobalSection
	GlobalSection(SolutionProperties) = preSolution
		HideSolutionNode = FALSE
	EndGlobalSection
	GlobalSection(ExtensibilityGlobals) = postSolution
		SolutionGuid = {CF5D995A-1CAB-4519-9B59-94F572AB9932}
	EndGlobalSection
EndGlobal
