
Microsoft Visual Studio Solution File, Format Version 12.00
# Visual Studio Version 17
VisualStudioVersion = 17.5.2.0
MinimumVisualStudioVersion = 10.0.40219.1
Project("{FAE04EC0-301F-11D3-BF4B-00C04F79EFBC}") = "ECommerceApi", "ECommerceApi.csproj", "{5DC55AC5-3F42-9DBC-B445-8C52F2920A6D}"
EndProject
Project("{FAE04EC0-301F-11D3-BF4B-00C04F79EFBC}") = "ECommerceApi.Tests", "..\ECommerceApi.Tests\ECommerceApi.Tests.csproj", "{7098C19F-1B20-4029-8FFD-E6A2646B10AB}"
EndProject
Global
	GlobalSection(SolutionConfigurationPlatforms) = preSolution
		Debug|Any CPU = Debug|Any CPU
		Debug|x64 = Debug|x64
		Debug|x86 = Debug|x86
		Release|Any CPU = Release|Any CPU
		Release|x64 = Release|x64
		Release|x86 = Release|x86
	EndGlobalSection
	GlobalSection(ProjectConfigurationPlatforms) = postSolution
		{5DC55AC5-3F42-9DBC-B445-8C52F2920A6D}.Debug|Any CPU.ActiveCfg = Debug|Any CPU
		{5DC55AC5-3F42-9DBC-B445-8C52F2920A6D}.Debug|Any CPU.Build.0 = Debug|Any CPU
		{5DC55AC5-3F42-9DBC-B445-8C52F2920A6D}.Debug|x64.ActiveCfg = Debug|Any CPU
		{5DC55AC5-3F42-9DBC-B445-8C52F2920A6D}.Debug|x64.Build.0 = Debug|Any CPU
		{5DC55AC5-3F42-9DBC-B445-8C52F2920A6D}.Debug|x86.ActiveCfg = Debug|Any CPU
		{5DC55AC5-3F42-9DBC-B445-8C52F2920A6D}.Debug|x86.Build.0 = Debug|Any CPU
		{5DC55AC5-3F42-9DBC-B445-8C52F2920A6D}.Release|Any CPU.ActiveCfg = Release|Any CPU
		{5DC55AC5-3F42-9DBC-B445-8C52F2920A6D}.Release|Any CPU.Build.0 = Release|Any CPU
		{5DC55AC5-3F42-9DBC-B445-8C52F2920A6D}.Release|x64.ActiveCfg = Release|Any CPU
		{5DC55AC5-3F42-9DBC-B445-8C52F2920A6D}.Release|x64.Build.0 = Release|Any CPU
		{5DC55AC5-3F42-9DBC-B445-8C52F2920A6D}.Release|x86.ActiveCfg = Release|Any CPU
		{5DC55AC5-3F42-9DBC-B445-8C52F2920A6D}.Release|x86.Build.0 = Release|Any CPU
		{7098C19F-1B20-4029-8FFD-E6A2646B10AB}.Debug|Any CPU.ActiveCfg = Debug|Any CPU
		{7098C19F-1B20-4029-8FFD-E6A2646B10AB}.Debug|Any CPU.Build.0 = Debug|Any CPU
		{7098C19F-1B20-4029-8FFD-E6A2646B10AB}.Debug|x64.ActiveCfg = Debug|Any CPU
		{7098C19F-1B20-4029-8FFD-E6A2646B10AB}.Debug|x64.Build.0 = Debug|Any CPU
		{7098C19F-1B20-4029-8FFD-E6A2646B10AB}.Debug|x86.ActiveCfg = Debug|Any CPU
		{7098C19F-1B20-4029-8FFD-E6A2646B10AB}.Debug|x86.Build.0 = Debug|Any CPU
		{7098C19F-1B20-4029-8FFD-E6A2646B10AB}.Release|Any CPU.ActiveCfg = Release|Any CPU
		{7098C19F-1B20-4029-8FFD-E6A2646B10AB}.Release|Any CPU.Build.0 = Release|Any CPU
		{7098C19F-1B20-4029-8FFD-E6A2646B10AB}.Release|x64.ActiveCfg = Release|Any CPU
		{7098C19F-1B20-4029-8FFD-E6A2646B10AB}.Release|x64.Build.0 = Release|Any CPU
		{7098C19F-1B20-4029-8FFD-E6A2646B10AB}.Release|x86.ActiveCfg = Release|Any CPU
		{7098C19F-1B20-4029-8FFD-E6A2646B10AB}.Release|x86.Build.0 = Release|Any CPU
	EndGlobalSection
	GlobalSection(SolutionProperties) = preSolution
		HideSolutionNode = FALSE
	EndGlobalSection
	GlobalSection(ExtensibilityGlobals) = postSolution
		SolutionGuid = {69AAD719-4D4D-489F-9CE2-80E161835C21}
	EndGlobalSection
EndGlobal
