
Microsoft Visual Studio Solution File, Format Version 12.00
# Visual Studio Version 17
VisualStudioVersion = 17.14.36301.6 d17.14
MinimumVisualStudioVersion = 10.0.40219.1
Project("{FAE04EC0-301F-11D3-BF4B-00C04F79EFBC}") = "BackendProjects.FileOrganizerCLITool", "BackendProjects.FileOrganizerCLITool\BackendProjects.FileOrganizerCLITool.csproj", "{B104A086-6D11-493E-8AE5-EF070A26CC5F}"
EndProject
Project("{FAE04EC0-301F-11D3-BF4B-00C04F79EFBC}") = "BackendProjects.FileOrganizerCLITool.Library", "BackendProjects.FileOrganizerCLITool.Library\BackendProjects.FileOrganizerCLITool.Library.csproj", "{06AD99CF-B24B-4FB4-A2C2-35B4430D7199}"
EndProject
Global
	GlobalSection(SolutionConfigurationPlatforms) = preSolution
		Debug|Any CPU = Debug|Any CPU
		Release|Any CPU = Release|Any CPU
	EndGlobalSection
	GlobalSection(ProjectConfigurationPlatforms) = postSolution
		{B104A086-6D11-493E-8AE5-EF070A26CC5F}.Debug|Any CPU.ActiveCfg = Debug|Any CPU
		{B104A086-6D11-493E-8AE5-EF070A26CC5F}.Debug|Any CPU.Build.0 = Debug|Any CPU
		{B104A086-6D11-493E-8AE5-EF070A26CC5F}.Release|Any CPU.ActiveCfg = Release|Any CPU
		{B104A086-6D11-493E-8AE5-EF070A26CC5F}.Release|Any CPU.Build.0 = Release|Any CPU
		{06AD99CF-B24B-4FB4-A2C2-35B4430D7199}.Debug|Any CPU.ActiveCfg = Debug|Any CPU
		{06AD99CF-B24B-4FB4-A2C2-35B4430D7199}.Debug|Any CPU.Build.0 = Debug|Any CPU
		{06AD99CF-B24B-4FB4-A2C2-35B4430D7199}.Release|Any CPU.ActiveCfg = Release|Any CPU
		{06AD99CF-B24B-4FB4-A2C2-35B4430D7199}.Release|Any CPU.Build.0 = Release|Any CPU
	EndGlobalSection
	GlobalSection(SolutionProperties) = preSolution
		HideSolutionNode = FALSE
	EndGlobalSection
	GlobalSection(ExtensibilityGlobals) = postSolution
		SolutionGuid = {4A5942F3-AC54-48DF-BAB1-6F51B46AB35C}
	EndGlobalSection
EndGlobal
